// !$*UTF8*$!
{
	archiveVersion = 1;
	classes = {
	};
	objectVersion = 46;
	objects = {

/* Begin PBXBuildFile section */
		54EE8ECF1BF9855100A33CFA /* AppDelegate.swift in Sources */ = {isa = PBXBuildFile; fileRef = 54EE8ECE1BF9855100A33CFA /* AppDelegate.swift */; };
		54EE8ED11BF9855100A33CFA /* ViewController.swift in Sources */ = {isa = PBXBuildFile; fileRef = 54EE8ED01BF9855100A33CFA /* ViewController.swift */; };
		54EE8ED41BF9855100A33CFA /* Main.storyboard in Resources */ = {isa = PBXBuildFile; fileRef = 54EE8ED21BF9855100A33CFA /* Main.storyboard */; };
		54EE8ED71BF9855100A33CFA /* Lello.xcdatamodeld in Sources */ = {isa = PBXBuildFile; fileRef = 54EE8ED51BF9855100A33CFA /* Lello.xcdatamodeld */; };
		54EE8ED91BF9855100A33CFA /* Assets.xcassets in Resources */ = {isa = PBXBuildFile; fileRef = 54EE8ED81BF9855100A33CFA /* Assets.xcassets */; };
		54EE8EDC1BF9855100A33CFA /* LaunchScreen.storyboard in Resources */ = {isa = PBXBuildFile; fileRef = 54EE8EDA1BF9855100A33CFA /* LaunchScreen.storyboard */; };
/* End PBXBuildFile section */

/* Begin PBXFileReference section */
		54EE8ECB1BF9855100A33CFA /* Lello.app */ = {isa = PBXFileReference; explicitFileType = wrapper.application; includeInIndex = 0; path = Lello.app; sourceTree = BUILT_PRODUCTS_DIR; };
		54EE8ECE1BF9855100A33CFA /* AppDelegate.swift */ = {isa = PBXFileReference; lastKnownFileType = sourcecode.swift; path = AppDelegate.swift; sourceTree = "<group>"; };
		54EE8ED01BF9855100A33CFA /* ViewController.swift */ = {isa = PBXFileReference; lastKnownFileType = sourcecode.swift; path = ViewController.swift; sourceTree = "<group>"; };
		54EE8ED31BF9855100A33CFA /* Base */ = {isa = PBXFileReference; lastKnownFileType = file.storyboard; name = Base; path = Base.lproj/Main.storyboard; sourceTree = "<group>"; };
		54EE8ED61BF9855100A33CFA /* Lello.xcdatamodel */ = {isa = PBXFileReference; lastKnownFileType = wrapper.xcdatamodel; path = Lello.xcdatamodel; sourceTree = "<group>"; };
		54EE8ED81BF9855100A33CFA /* Assets.xcassets */ = {isa = PBXFileReference; lastKnownFileType = folder.assetcatalog; path = Assets.xcassets; sourceTree = "<group>"; };
		54EE8EDB1BF9855100A33CFA /* Base */ = {isa = PBXFileReference; lastKnownFileType = file.storyboard; name = Base; path = Base.lproj/LaunchScreen.storyboard; sourceTree = "<group>"; };
		54EE8EDD1BF9855100A33CFA /* Info.plist */ = {isa = PBXFileReference; lastKnownFileType = text.plist.xml; path = Info.plist; sourceTree = "<group>"; };
/* End PBXFileReference section */

/* Begin PBXFrameworksBuildPhase section */
		54EE8EC81BF9855100A33CFA /* Frameworks */ = {
			isa = PBXFrameworksBuildPhase;
			buildActionMask = 2147483647;
			files = (
			);
			runOnlyForDeploymentPostprocessing = 0;
		};
/* End PBXFrameworksBuildPhase section */

/* Begin PBXGroup section */
		54EE8EC21BF9855100A33CFA = {
			isa = PBXGroup;
			children = (
				54EE8ECD1BF9855100A33CFA /* Lello */,
				54EE8ECC1BF9855100A33CFA /* Products */,
			);
			sourceTree = "<group>";
		};
		54EE8ECC1BF9855100A33CFA /* Products */ = {
			isa = PBXGroup;
			children = (
				54EE8ECB1BF9855100A33CFA /* Lello.app */,
			);
			name = Products;
			sourceTree = "<group>";
		};
		54EE8ECD1BF9855100A33CFA /* Lello */ = {
			isa = PBXGroup;
			children = (
				54EE8ECE1BF9855100A33CFA /* AppDelegate.swift */,
				54EE8ED01BF9855100A33CFA /* ViewController.swift */,
				54EE8ED21BF9855100A33CFA /* Main.storyboard */,
				54EE8ED81BF9855100A33CFA /* Assets.xcassets */,
				54EE8EDA1BF9855100A33CFA /* LaunchScreen.storyboard */,
				54EE8EDD1BF9855100A33CFA /* Info.plist */,
				54EE8ED51BF9855100A33CFA /* Lello.xcdatamodeld */,
			);
			path = Lello;
			sourceTree = "<group>";
		};
/* End PBXGroup section */

/* Begin PBXNativeTarget section */
		54EE8ECA1BF9855100A33CFA /* Lello */ = {
			isa = PBXNativeTarget;
			buildConfigurationList = 54EE8EE01BF9855100A33CFA /* Build configuration list for PBXNativeTarget "Lello" */;
			buildPhases = (
				54EE8EC71BF9855100A33CFA /* Sources */,
				54EE8EC81BF9855100A33CFA /* Frameworks */,
				54EE8EC91BF9855100A33CFA /* Resources */,
			);
			buildRules = (
			);
			dependencies = (
			);
			name = Lello;
			productName = Lello;
			productReference = 54EE8ECB1BF9855100A33CFA /* Lello.app */;
			productType = "com.apple.product-type.application";
		};
/* End PBXNativeTarget section */

/* Begin PBXProject section */
		54EE8EC31BF9855100A33CFA /* Project object */ = {
			isa = PBXProject;
			attributes = {
				LastSwiftUpdateCheck = 0710;
				LastUpgradeCheck = 0710;
				ORGANIZATIONNAME = "Antonio De Souza";
				TargetAttributes = {
					54EE8ECA1BF9855100A33CFA = {
						CreatedOnToolsVersion = 7.1.1;
					};
				};
			};
			buildConfigurationList = 54EE8EC61BF9855100A33CFA /* Build configuration list for PBXProject "Lello" */;
			compatibilityVersion = "Xcode 3.2";
			developmentRegion = English;
			hasScannedForEncodings = 0;
			knownRegions = (
				en,
				Base,
			);
			mainGroup = 54EE8EC21BF9855100A33CFA;
			productRefGroup = 54EE8ECC1BF9855100A33CFA /* Products */;
			projectDirPath = "";
			projectRoot = "";
			targets = (
				54EE8ECA1BF9855100A33CFA /* Lello */,
			);
		};
/* End PBXProject section */

/* Begin PBXResourcesBuildPhase section */
		54EE8EC91BF9855100A33CFA /* Resources */ = {
			isa = PBXResourcesBuildPhase;
			buildActionMask = 2147483647;
			files = (
				54EE8EDC1BF9855100A33CFA /* LaunchScreen.storyboard in Resources */,
				54EE8ED91BF9855100A33CFA /* Assets.xcassets in Resources */,
				54EE8ED41BF9855100A33CFA /* Main.storyboard in Resources */,
			);
			runOnlyForDeploymentPostprocessing = 0;
		};
/* End PBXResourcesBuildPhase section */

/* Begin PBXSourcesBuildPhase section */
		54EE8EC71BF9855100A33CFA /* Sources */ = {
			isa = PBXSourcesBuildPhase;
			buildActionMask = 2147483647;
			files = (
				54EE8ED71BF9855100A33CFA /* Lello.xcdatamodeld in Sources */,
				54EE8ED11BF9855100A33CFA /* ViewController.swift in Sources */,
				54EE8ECF1BF9855100A33CFA /* AppDelegate.swift in Sources */,
			);
			runOnlyForDeploymentPostprocessing = 0;
		};
/* End PBXSourcesBuildPhase section */

/* Begin PBXVariantGroup section */
		54EE8ED21BF9855100A33CFA /* Main.storyboard */ = {
			isa = PBXVariantGroup;
			children = (
				54EE8ED31BF9855100A33CFA /* Base */,
			);
			name = Main.storyboard;
			sourceTree = "<group>";
		};
		54EE8EDA1BF9855100A33CFA /* LaunchScreen.storyboard */ = {
			isa = PBXVariantGroup;
			children = (
				54EE8EDB1BF9855100A33CFA /* Base */,
			);
			name = LaunchScreen.storyboard;
			sourceTree = "<group>";
		};
/* End PBXVariantGroup section */

/* Begin XCBuildConfiguration section */
		54EE8EDE1BF9855100A33CFA /* Debug */ = {
			isa = XCBuildConfiguration;
			buildSettings = {
				ALWAYS_SEARCH_USER_PATHS = NO;
				CLANG_CXX_LANGUAGE_STANDARD = "gnu++0x";
				CLANG_CXX_LIBRARY = "libc++";
				CLANG_ENABLE_MODULES = YES;
				CLANG_ENABLE_OBJC_ARC = YES;
				CLANG_WARN_BOOL_CONVERSION = YES;
				CLANG_WARN_CONSTANT_CONVERSION = YES;
				CLANG_WARN_DIRECT_OBJC_ISA_USAGE = YES_ERROR;
				CLANG_WARN_EMPTY_BODY = YES;
				CLANG_WARN_ENUM_CONVERSION = YES;
				CLANG_WARN_INT_CONVERSION = YES;
				CLANG_WARN_OBJC_ROOT_CLASS = YES_ERROR;
				CLANG_WARN_UNREACHABLE_CODE = YES;
				CLANG_WARN__DUPLICATE_METHOD_MATCH = YES;
				"CODE_SIGN_IDENTITY[sdk=iphoneos*]" = "iPhone Developer";
				COPY_PHASE_STRIP = NO;
				DEBUG_INFORMATION_FORMAT = dwarf;
				ENABLE_STRICT_OBJC_MSGSEND = YES;
				ENABLE_TESTABILITY = YES;
				GCC_C_LANGUAGE_STANDARD = gnu99;
				GCC_DYNAMIC_NO_PIC = NO;
				GCC_NO_COMMON_BLOCKS = YES;
				GCC_OPTIMIZATION_LEVEL = 0;
				GCC_PREPROCESSOR_DEFINITIONS = (
					"DEBUG=1",
					"$(inherited)",
				);
				GCC_WARN_64_TO_32_BIT_CONVERSION = YES;
				GCC_WARN_ABOUT_RETURN_TYPE = YES_ERROR;
				GCC_WARN_UNDECLARED_SELECTOR = YES;
				GCC_WARN_UNINITIALIZED_AUTOS = YES_AGGRESSIVE;
				GCC_WARN_UNUSED_FUNCTION = YES;
				GCC_WARN_UNUSED_VARIABLE = YES;
				IPHONEOS_DEPLOYMENT_TARGET = 9.1;
				MTL_ENABLE_DEBUG_INFO = YES;
				ONLY_ACTIVE_ARCH = YES;
				SDKROOT = iphoneos;
				SWIFT_OPTIMIZATION_LEVEL = "-Onone";
				TARGETED_DEVICE_FAMILY = "1,2";
			};
			name = Debug;
		};
		54EE8EDF1BF9855100A33CFA /* Release */ = {
			isa = XCBuildConfiguration;
			buildSettings = {
				ALWAYS_SEARCH_USER_PATHS = NO;
				CLANG_CXX_LANGUAGE_STANDARD = "gnu++0x";
				CLANG_CXX_LIBRARY = "libc++";
				CLANG_ENABLE_MODULES = YES;
				CLANG_ENABLE_OBJC_ARC = YES;
				CLANG_WARN_BOOL_CONVERSION = YES;
				CLANG_WARN_CONSTANT_CONVERSION = YES;
				CLANG_WARN_DIRECT_OBJC_ISA_USAGE = YES_ERROR;
				CLANG_WARN_EMPTY_BODY = YES;
				CLANG_WARN_ENUM_CONVERSION = YES;
				CLANG_WARN_INT_CONVERSION = YES;
				CLANG_WARN_OBJC_ROOT_CLASS = YES_ERROR;
				CLANG_WARN_UNREACHABLE_CODE = YES;
				CLANG_WARN__DUPLICATE_METHOD_MATCH = YES;
				"CODE_SIGN_IDENTITY[sdk=iphoneos*]" = "iPhone Developer";
				COPY_PHASE_STRIP = NO;
				DEBUG_INFORMATION_FORMAT = "dwarf-with-dsym";
				ENABLE_NS_ASSERTIONS = NO;
				ENABLE_STRICT_OBJC_MSGSEND = YES;
				GCC_C_LANGUAGE_STANDARD = gnu99;
				GCC_NO_COMMON_BLOCKS = YES;
				GCC_WARN_64_TO_32_BIT_CONVERSION = YES;
				GCC_WARN_ABOUT_RETURN_TYPE = YES_ERROR;
				GCC_WARN_UNDECLARED_SELECTOR = YES;
				GCC_WARN_UNINITIALIZED_AUTOS = YES_AGGRESSIVE;
				GCC_WARN_UNUSED_FUNCTION = YES;
				GCC_WARN_UNUSED_VARIABLE = YES;
				IPHONEOS_DEPLOYMENT_TARGET = 9.1;
				MTL_ENABLE_DEBUG_INFO = NO;
				SDKROOT = iphoneos;
				TARGETED_DEVICE_FAMILY = "1,2";
				VALIDATE_PRODUCT = YES;
			};
			name = Release;
		};
		54EE8EE11BF9855100A33CFA /* Debug */ = {
			isa = XCBuildConfiguration;
			buildSettings = {
				ASSETCATALOG_COMPILER_APPICON_NAME = AppIcon;
				INFOPLIST_FILE = Lello/Info.plist;
				LD_RUNPATH_SEARCH_PATHS = "$(inherited) @executable_path/Frameworks";
				PRODUCT_BUNDLE_IDENTIFIER = br.com.antoniodesouza.Lello;
				PRODUCT_NAME = "$(TARGET_NAME)";
			};
			name = Debug;
		};
		54EE8EE21BF9855100A33CFA /* Release */ = {
			isa = XCBuildConfiguration;
			buildSettings = {
				ASSETCATALOG_COMPILER_APPICON_NAME = AppIcon;
				INFOPLIST_FILE = Lello/Info.plist;
				LD_RUNPATH_SEARCH_PATHS = "$(inherited) @executable_path/Frameworks";
				PRODUCT_BUNDLE_IDENTIFIER = br.com.antoniodesouza.Lello;
				PRODUCT_NAME = "$(TARGET_NAME)";
			};
			name = Release;
		};
/* End XCBuildConfiguration section */

/* Begin XCConfigurationList section */
		54EE8EC61BF9855100A33CFA /* Build configuration list for PBXProject "Lello" */ = {
			isa = XCConfigurationList;
			buildConfigurations = (
				54EE8EDE1BF9855100A33CFA /* Debug */,
				54EE8EDF1BF9855100A33CFA /* Release */,
			);
			defaultConfigurationIsVisible = 0;
			defaultConfigurationName = Release;
		};
		54EE8EE01BF9855100A33CFA /* Build configuration list for PBXNativeTarget "Lello" */ = {
			isa = XCConfigurationList;
			buildConfigurations = (
				54EE8EE11BF9855100A33CFA /* Debug */,
				54EE8EE21BF9855100A33CFA /* Release */,
			);
			defaultConfigurationIsVisible = 0;
		};
/* End XCConfigurationList section */

/* Begin XCVersionGroup section */
		54EE8ED51BF9855100A33CFA /* Lello.xcdatamodeld */ = {
			isa = XCVersionGroup;
			children = (
				54EE8ED61BF9855100A33CFA /* Lello.xcdatamodel */,
			);
			currentVersion = 54EE8ED61BF9855100A33CFA /* Lello.xcdatamodel */;
			path = Lello.xcdatamodeld;
			sourceTree = "<group>";
			versionGroupType = wrapper.xcdatamodel;
		};
/* End XCVersionGroup section */
	};
	rootObject = 54EE8EC31BF9855100A33CFA /* Project object */;
}
